// !$*UTF8*$!
{
	archiveVersion = 1;
	classes = {
	};
	objectVersion = 46;
	objects = {

/* Begin PBXBuildFile section */
		967807E61963523200D30370 /* Foundation.framework in Frameworks */ = {isa = PBXBuildFile; fileRef = 967807E51963523200D30370 /* Foundation.framework */; };
		967807E81963523200D30370 /* CoreGraphics.framework in Frameworks */ = {isa = PBXBuildFile; fileRef = 967807E71963523200D30370 /* CoreGraphics.framework */; };
		967807EA1963523200D30370 /* UIKit.framework in Frameworks */ = {isa = PBXBuildFile; fileRef = 967807E91963523200D30370 /* UIKit.framework */; };
		967807F01963523300D30370 /* InfoPlist.strings in Resources */ = {isa = PBXBuildFile; fileRef = 967807EE1963523300D30370 /* InfoPlist.strings */; };
		967807F21963523300D30370 /* main.m in Sources */ = {isa = PBXBuildFile; fileRef = 967807F11963523300D30370 /* main.m */; };
		967807F61963523300D30370 /* AppDelegate.m in Sources */ = {isa = PBXBuildFile; fileRef = 967807F51963523300D30370 /* AppDelegate.m */; };
		967807F91963523300D30370 /* Main.storyboard in Resources */ = {isa = PBXBuildFile; fileRef = 967807F71963523300D30370 /* Main.storyboard */; };
		967807FC1963523300D30370 /* ViewController.m in Sources */ = {isa = PBXBuildFile; fileRef = 967807FB1963523300D30370 /* ViewController.m */; };
		967807FE1963523300D30370 /* Images.xcassets in Resources */ = {isa = PBXBuildFile; fileRef = 967807FD1963523300D30370 /* Images.xcassets */; };
		967808051963523300D30370 /* XCTest.framework in Frameworks */ = {isa = PBXBuildFile; fileRef = 967808041963523300D30370 /* XCTest.framework */; };
		967808061963523300D30370 /* Foundation.framework in Frameworks */ = {isa = PBXBuildFile; fileRef = 967807E51963523200D30370 /* Foundation.framework */; };
		967808071963523300D30370 /* UIKit.framework in Frameworks */ = {isa = PBXBuildFile; fileRef = 967807E91963523200D30370 /* UIKit.framework */; };
		9678080F1963523300D30370 /* InfoPlist.strings in Resources */ = {isa = PBXBuildFile; fileRef = 9678080D1963523300D30370 /* InfoPlist.strings */; };
		967808111963523300D30370 /* ColorButtonsAndColorPalletTests.m in Sources */ = {isa = PBXBuildFile; fileRef = 967808101963523300D30370 /* ColorButtonsAndColorPalletTests.m */; };
/* End PBXBuildFile section */

/* Begin PBXContainerItemProxy section */
		967808081963523300D30370 /* PBXContainerItemProxy */ = {
			isa = PBXContainerItemProxy;
			containerPortal = 967807DA1963523200D30370 /* Project object */;
			proxyType = 1;
			remoteGlobalIDString = 967807E11963523200D30370;
			remoteInfo = ColorButtonsAndColorPallet;
		};
/* End PBXContainerItemProxy section */

/* Begin PBXFileReference section */
		967807E21963523200D30370 /* ColorButtonsAndColorPallet.app */ = {isa = PBXFileReference; explicitFileType = wrapper.application; includeInIndex = 0; path = ColorButtonsAndColorPallet.app; sourceTree = BUILT_PRODUCTS_DIR; };
		967807E51963523200D30370 /* Foundation.framework */ = {isa = PBXFileReference; lastKnownFileType = wrapper.framework; name = Foundation.framework; path = System/Library/Frameworks/Foundation.framework; sourceTree = SDKROOT; };
		967807E71963523200D30370 /* CoreGraphics.framework */ = {isa = PBXFileReference; lastKnownFileType = wrapper.framework; name = CoreGraphics.framework; path = System/Library/Frameworks/CoreGraphics.framework; sourceTree = SDKROOT; };
		967807E91963523200D30370 /* UIKit.framework */ = {isa = PBXFileReference; lastKnownFileType = wrapper.framework; name = UIKit.framework; path = System/Library/Frameworks/UIKit.framework; sourceTree = SDKROOT; };
		967807ED1963523300D30370 /* ColorButtonsAndColorPallet-Info.plist */ = {isa = PBXFileReference; lastKnownFileType = text.plist.xml; path = "ColorButtonsAndColorPallet-Info.plist"; sourceTree = "<group>"; };
		967807EF1963523300D30370 /* en */ = {isa = PBXFileReference; lastKnownFileType = text.plist.strings; name = en; path = en.lproj/InfoPlist.strings; sourceTree = "<group>"; };
		967807F11963523300D30370 /* main.m */ = {isa = PBXFileReference; lastKnownFileType = sourcecode.c.objc; path = main.m; sourceTree = "<group>"; };
		967807F31963523300D30370 /* ColorButtonsAndColorPallet-Prefix.pch */ = {isa = PBXFileReference; lastKnownFileType = sourcecode.c.h; path = "ColorButtonsAndColorPallet-Prefix.pch"; sourceTree = "<group>"; };
		967807F41963523300D30370 /* AppDelegate.h */ = {isa = PBXFileReference; lastKnownFileType = sourcecode.c.h; path = AppDelegate.h; sourceTree = "<group>"; };
		967807F51963523300D30370 /* AppDelegate.m */ = {isa = PBXFileReference; lastKnownFileType = sourcecode.c.objc; path = AppDelegate.m; sourceTree = "<group>"; };
		967807F81963523300D30370 /* Base */ = {isa = PBXFileReference; lastKnownFileType = file.storyboard; name = Base; path = Base.lproj/Main.storyboard; sourceTree = "<group>"; };
		967807FA1963523300D30370 /* ViewController.h */ = {isa = PBXFileReference; lastKnownFileType = sourcecode.c.h; path = ViewController.h; sourceTree = "<group>"; };
		967807FB1963523300D30370 /* ViewController.m */ = {isa = PBXFileReference; lastKnownFileType = sourcecode.c.objc; path = ViewController.m; sourceTree = "<group>"; };
		967807FD1963523300D30370 /* Images.xcassets */ = {isa = PBXFileReference; lastKnownFileType = folder.assetcatalog; path = Images.xcassets; sourceTree = "<group>"; };
		967808031963523300D30370 /* ColorButtonsAndColorPalletTests.xctest */ = {isa = PBXFileReference; explicitFileType = wrapper.cfbundle; includeInIndex = 0; path = ColorButtonsAndColorPalletTests.xctest; sourceTree = BUILT_PRODUCTS_DIR; };
		967808041963523300D30370 /* XCTest.framework */ = {isa = PBXFileReference; lastKnownFileType = wrapper.framework; name = XCTest.framework; path = Library/Frameworks/XCTest.framework; sourceTree = DEVELOPER_DIR; };
		9678080C1963523300D30370 /* ColorButtonsAndColorPalletTests-Info.plist */ = {isa = PBXFileReference; lastKnownFileType = text.plist.xml; path = "ColorButtonsAndColorPalletTests-Info.plist"; sourceTree = "<group>"; };
		9678080E1963523300D30370 /* en */ = {isa = PBXFileReference; lastKnownFileType = text.plist.strings; name = en; path = en.lproj/InfoPlist.strings; sourceTree = "<group>"; };
		967808101963523300D30370 /* ColorButtonsAndColorPalletTests.m */ = {isa = PBXFileReference; lastKnownFileType = sourcecode.c.objc; path = ColorButtonsAndColorPalletTests.m; sourceTree = "<group>"; };
/* End PBXFileReference section */

/* Begin PBXFrameworksBuildPhase section */
		967807DF1963523200D30370 /* Frameworks */ = {
			isa = PBXFrameworksBuildPhase;
			buildActionMask = 2147483647;
			files = (
				967807E81963523200D30370 /* CoreGraphics.framework in Frameworks */,
				967807EA1963523200D30370 /* UIKit.framework in Frameworks */,
				967807E61963523200D30370 /* Foundation.framework in Frameworks */,
			);
			runOnlyForDeploymentPostprocessing = 0;
		};
		967808001963523300D30370 /* Frameworks */ = {
			isa = PBXFrameworksBuildPhase;
			buildActionMask = 2147483647;
			files = (
				967808051963523300D30370 /* XCTest.framework in Frameworks */,
				967808071963523300D30370 /* UIKit.framework in Frameworks */,
				967808061963523300D30370 /* Foundation.framework in Frameworks */,
			);
			runOnlyForDeploymentPostprocessing = 0;
		};
/* End PBXFrameworksBuildPhase section */

/* Begin PBXGroup section */
		967807D91963523200D30370 = {
			isa = PBXGroup;
			children = (
				967807EB1963523200D30370 /* ColorButtonsAndColorPallet */,
				9678080A1963523300D30370 /* ColorButtonsAndColorPalletTests */,
				967807E41963523200D30370 /* Frameworks */,
				967807E31963523200D30370 /* Products */,
			);
			sourceTree = "<group>";
		};
		967807E31963523200D30370 /* Products */ = {
			isa = PBXGroup;
			children = (
				967807E21963523200D30370 /* ColorButtonsAndColorPallet.app */,
				967808031963523300D30370 /* ColorButtonsAndColorPalletTests.xctest */,
			);
			name = Products;
			sourceTree = "<group>";
		};
		967807E41963523200D30370 /* Frameworks */ = {
			isa = PBXGroup;
			children = (
				967807E51963523200D30370 /* Foundation.framework */,
				967807E71963523200D30370 /* CoreGraphics.framework */,
				967807E91963523200D30370 /* UIKit.framework */,
				967808041963523300D30370 /* XCTest.framework */,
			);
			name = Frameworks;
			sourceTree = "<group>";
		};
		967807EB1963523200D30370 /* ColorButtonsAndColorPallet */ = {
			isa = PBXGroup;
			children = (
				967807F41963523300D30370 /* AppDelegate.h */,
				967807F51963523300D30370 /* AppDelegate.m */,
				967807F71963523300D30370 /* Main.storyboard */,
				967807FA1963523300D30370 /* ViewController.h */,
				967807FB1963523300D30370 /* ViewController.m */,
				967807FD1963523300D30370 /* Images.xcassets */,
				967807EC1963523300D30370 /* Supporting Files */,
			);
			path = ColorButtonsAndColorPallet;
			sourceTree = "<group>";
		};
		967807EC1963523300D30370 /* Supporting Files */ = {
			isa = PBXGroup;
			children = (
				967807ED1963523300D30370 /* ColorButtonsAndColorPallet-Info.plist */,
				967807EE1963523300D30370 /* InfoPlist.strings */,
				967807F11963523300D30370 /* main.m */,
				967807F31963523300D30370 /* ColorButtonsAndColorPallet-Prefix.pch */,
			);
			name = "Supporting Files";
			sourceTree = "<group>";
		};
		9678080A1963523300D30370 /* ColorButtonsAndColorPalletTests */ = {
			isa = PBXGroup;
			children = (
				967808101963523300D30370 /* ColorButtonsAndColorPalletTests.m */,
				9678080B1963523300D30370 /* Supporting Files */,
			);
			path = ColorButtonsAndColorPalletTests;
			sourceTree = "<group>";
		};
		9678080B1963523300D30370 /* Supporting Files */ = {
			isa = PBXGroup;
			children = (
				9678080C1963523300D30370 /* ColorButtonsAndColorPalletTests-Info.plist */,
				9678080D1963523300D30370 /* InfoPlist.strings */,
			);
			name = "Supporting Files";
			sourceTree = "<group>";
		};
/* End PBXGroup section */

/* Begin PBXNativeTarget section */
		967807E11963523200D30370 /* ColorButtonsAndColorPallet */ = {
			isa = PBXNativeTarget;
			buildConfigurationList = 967808141963523300D30370 /* Build configuration list for PBXNativeTarget "ColorButtonsAndColorPallet" */;
			buildPhases = (
				967807DE1963523200D30370 /* Sources */,
				967807DF1963523200D30370 /* Frameworks */,
				967807E01963523200D30370 /* Resources */,
			);
			buildRules = (
			);
			dependencies = (
			);
			name = ColorButtonsAndColorPallet;
			productName = ColorButtonsAndColorPallet;
			productReference = 967807E21963523200D30370 /* ColorButtonsAndColorPallet.app */;
			productType = "com.apple.product-type.application";
		};
		967808021963523300D30370 /* ColorButtonsAndColorPalletTests */ = {
			isa = PBXNativeTarget;
			buildConfigurationList = 967808171963523300D30370 /* Build configuration list for PBXNativeTarget "ColorButtonsAndColorPalletTests" */;
			buildPhases = (
				967807FF1963523300D30370 /* Sources */,
				967808001963523300D30370 /* Frameworks */,
				967808011963523300D30370 /* Resources */,
			);
			buildRules = (
			);
			dependencies = (
				967808091963523300D30370 /* PBXTargetDependency */,
			);
			name = ColorButtonsAndColorPalletTests;
			productName = ColorButtonsAndColorPalletTests;
			productReference = 967808031963523300D30370 /* ColorButtonsAndColorPalletTests.xctest */;
			productType = "com.apple.product-type.bundle.unit-test";
		};
/* End PBXNativeTarget section */

/* Begin PBXProject section */
		967807DA1963523200D30370 /* Project object */ = {
			isa = PBXProject;
			attributes = {
				LastUpgradeCheck = 0510;
				ORGANIZATIONNAME = "Nicolas Cadena";
				TargetAttributes = {
					967808021963523300D30370 = {
						TestTargetID = 967807E11963523200D30370;
					};
				};
			};
			buildConfigurationList = 967807DD1963523200D30370 /* Build configuration list for PBXProject "ColorButtonsAndColorPallet" */;
			compatibilityVersion = "Xcode 3.2";
			developmentRegion = English;
			hasScannedForEncodings = 0;
			knownRegions = (
				en,
				Base,
			);
			mainGroup = 967807D91963523200D30370;
			productRefGroup = 967807E31963523200D30370 /* Products */;
			projectDirPath = "";
			projectRoot = "";
			targets = (
				967807E11963523200D30370 /* ColorButtonsAndColorPallet */,
				967808021963523300D30370 /* ColorButtonsAndColorPalletTests */,
			);
		};
/* End PBXProject section */

/* Begin PBXResourcesBuildPhase section */
		967807E01963523200D30370 /* Resources */ = {
			isa = PBXResourcesBuildPhase;
			buildActionMask = 2147483647;
			files = (
				967807FE1963523300D30370 /* Images.xcassets in Resources */,
				967807F01963523300D30370 /* InfoPlist.strings in Resources */,
				967807F91963523300D30370 /* Main.storyboard in Resources */,
			);
			runOnlyForDeploymentPostprocessing = 0;
		};
		967808011963523300D30370 /* Resources */ = {
			isa = PBXResourcesBuildPhase;
			buildActionMask = 2147483647;
			files = (
				9678080F1963523300D30370 /* InfoPlist.strings in Resources */,
			);
			runOnlyForDeploymentPostprocessing = 0;
		};
/* End PBXResourcesBuildPhase section */

/* Begin PBXSourcesBuildPhase section */
		967807DE1963523200D30370 /* Sources */ = {
			isa = PBXSourcesBuildPhase;
			buildActionMask = 2147483647;
			files = (
				967807FC1963523300D30370 /* ViewController.m in Sources */,
				967807F61963523300D30370 /* AppDelegate.m in Sources */,
				967807F21963523300D30370 /* main.m in Sources */,
			);
			runOnlyForDeploymentPostprocessing = 0;
		};
		967807FF1963523300D30370 /* Sources */ = {
			isa = PBXSourcesBuildPhase;
			buildActionMask = 2147483647;
			files = (
				967808111963523300D30370 /* ColorButtonsAndColorPalletTests.m in Sources */,
			);
			runOnlyForDeploymentPostprocessing = 0;
		};
/* End PBXSourcesBuildPhase section */

/* Begin PBXTargetDependency section */
		967808091963523300D30370 /* PBXTargetDependency */ = {
			isa = PBXTargetDependency;
			target = 967807E11963523200D30370 /* ColorButtonsAndColorPallet */;
			targetProxy = 967808081963523300D30370 /* PBXContainerItemProxy */;
		};
/* End PBXTargetDependency section */

/* Begin PBXVariantGroup section */
		967807EE1963523300D30370 /* InfoPlist.strings */ = {
			isa = PBXVariantGroup;
			children = (
				967807EF1963523300D30370 /* en */,
			);
			name = InfoPlist.strings;
			sourceTree = "<group>";
		};
		967807F71963523300D30370 /* Main.storyboard */ = {
			isa = PBXVariantGroup;
			children = (
				967807F81963523300D30370 /* Base */,
			);
			name = Main.storyboard;
			sourceTree = "<group>";
		};
		9678080D1963523300D30370 /* InfoPlist.strings */ = {
			isa = PBXVariantGroup;
			children = (
				9678080E1963523300D30370 /* en */,
			);
			name = InfoPlist.strings;
			sourceTree = "<group>";
		};
/* End PBXVariantGroup section */

/* Begin XCBuildConfiguration section */
		967808121963523300D30370 /* Debug */ = {
			isa = XCBuildConfiguration;
			buildSettings = {
				ALWAYS_SEARCH_USER_PATHS = NO;
				CLANG_CXX_LANGUAGE_STANDARD = "gnu++0x";
				CLANG_CXX_LIBRARY = "libc++";
				CLANG_ENABLE_MODULES = YES;
				CLANG_ENABLE_OBJC_ARC = YES;
				CLANG_WARN_BOOL_CONVERSION = YES;
				CLANG_WARN_CONSTANT_CONVERSION = YES;
				CLANG_WARN_DIRECT_OBJC_ISA_USAGE = YES_ERROR;
				CLANG_WARN_EMPTY_BODY = YES;
				CLANG_WARN_ENUM_CONVERSION = YES;
				CLANG_WARN_INT_CONVERSION = YES;
				CLANG_WARN_OBJC_ROOT_CLASS = YES_ERROR;
				CLANG_WARN__DUPLICATE_METHOD_MATCH = YES;
				"CODE_SIGN_IDENTITY[sdk=iphoneos*]" = "iPhone Developer";
				COPY_PHASE_STRIP = NO;
				GCC_C_LANGUAGE_STANDARD = gnu99;
				GCC_DYNAMIC_NO_PIC = NO;
				GCC_OPTIMIZATION_LEVEL = 0;
				GCC_PREPROCESSOR_DEFINITIONS = (
					"DEBUG=1",
					"$(inherited)",
				);
				GCC_SYMBOLS_PRIVATE_EXTERN = NO;
				GCC_WARN_64_TO_32_BIT_CONVERSION = YES;
				GCC_WARN_ABOUT_RETURN_TYPE = YES_ERROR;
				GCC_WARN_UNDECLARED_SELECTOR = YES;
				GCC_WARN_UNINITIALIZED_AUTOS = YES_AGGRESSIVE;
				GCC_WARN_UNUSED_FUNCTION = YES;
				GCC_WARN_UNUSED_VARIABLE = YES;
				IPHONEOS_DEPLOYMENT_TARGET = 7.1;
				ONLY_ACTIVE_ARCH = YES;
				SDKROOT = iphoneos;
			};
			name = Debug;
		};
		967808131963523300D30370 /* Release */ = {
			isa = XCBuildConfiguration;
			buildSettings = {
				ALWAYS_SEARCH_USER_PATHS = NO;
				CLANG_CXX_LANGUAGE_STANDARD = "gnu++0x";
				CLANG_CXX_LIBRARY = "libc++";
				CLANG_ENABLE_MODULES = YES;
				CLANG_ENABLE_OBJC_ARC = YES;
				CLANG_WARN_BOOL_CONVERSION = YES;
				CLANG_WARN_CONSTANT_CONVERSION = YES;
				CLANG_WARN_DIRECT_OBJC_ISA_USAGE = YES_ERROR;
				CLANG_WARN_EMPTY_BODY = YES;
				CLANG_WARN_ENUM_CONVERSION = YES;
				CLANG_WARN_INT_CONVERSION = YES;
				CLANG_WARN_OBJC_ROOT_CLASS = YES_ERROR;
				CLANG_WARN__DUPLICATE_METHOD_MATCH = YES;
				"CODE_SIGN_IDENTITY[sdk=iphoneos*]" = "iPhone Developer";
				COPY_PHASE_STRIP = YES;
				ENABLE_NS_ASSERTIONS = NO;
				GCC_C_LANGUAGE_STANDARD = gnu99;
				GCC_WARN_64_TO_32_BIT_CONVERSION = YES;
				GCC_WARN_ABOUT_RETURN_TYPE = YES_ERROR;
				GCC_WARN_UNDECLARED_SELECTOR = YES;
				GCC_WARN_UNINITIALIZED_AUTOS = YES_AGGRESSIVE;
				GCC_WARN_UNUSED_FUNCTION = YES;
				GCC_WARN_UNUSED_VARIABLE = YES;
				IPHONEOS_DEPLOYMENT_TARGET = 7.1;
				SDKROOT = iphoneos;
				VALIDATE_PRODUCT = YES;
			};
			name = Release;
		};
		967808151963523300D30370 /* Debug */ = {
			isa = XCBuildConfiguration;
			buildSettings = {
				ASSETCATALOG_COMPILER_APPICON_NAME = AppIcon;
				ASSETCATALOG_COMPILER_LAUNCHIMAGE_NAME = LaunchImage;
				GCC_PRECOMPILE_PREFIX_HEADER = YES;
				GCC_PREFIX_HEADER = "ColorButtonsAndColorPallet/ColorButtonsAndColorPallet-Prefix.pch";
				INFOPLIST_FILE = "ColorButtonsAndColorPallet/ColorButtonsAndColorPallet-Info.plist";
				PRODUCT_NAME = "$(TARGET_NAME)";
				WRAPPER_EXTENSION = app;
			};
			name = Debug;
		};
		967808161963523300D30370 /* Release */ = {
			isa = XCBuildConfiguration;
			buildSettings = {
				ASSETCATALOG_COMPILER_APPICON_NAME = AppIcon;
				ASSETCATALOG_COMPILER_LAUNCHIMAGE_NAME = LaunchImage;
				GCC_PRECOMPILE_PREFIX_HEADER = YES;
				GCC_PREFIX_HEADER = "ColorButtonsAndColorPallet/ColorButtonsAndColorPallet-Prefix.pch";
				INFOPLIST_FILE = "ColorButtonsAndColorPallet/ColorButtonsAndColorPallet-Info.plist";
				PRODUCT_NAME = "$(TARGET_NAME)";
				WRAPPER_EXTENSION = app;
			};
			name = Release;
		};
		967808181963523300D30370 /* Debug */ = {
			isa = XCBuildConfiguration;
			buildSettings = {
				BUNDLE_LOADER = "$(BUILT_PRODUCTS_DIR)/ColorButtonsAndColorPallet.app/ColorButtonsAndColorPallet";
				FRAMEWORK_SEARCH_PATHS = (
					"$(SDKROOT)/Developer/Library/Frameworks",
					"$(inherited)",
					"$(DEVELOPER_FRAMEWORKS_DIR)",
				);
				GCC_PRECOMPILE_PREFIX_HEADER = YES;
				GCC_PREFIX_HEADER = "ColorButtonsAndColorPallet/ColorButtonsAndColorPallet-Prefix.pch";
				GCC_PREPROCESSOR_DEFINITIONS = (
					"DEBUG=1",
					"$(inherited)",
				);
				INFOPLIST_FILE = "ColorButtonsAndColorPalletTests/ColorButtonsAndColorPalletTests-Info.plist";
				PRODUCT_NAME = "$(TARGET_NAME)";
				TEST_HOST = "$(BUNDLE_LOADER)";
				WRAPPER_EXTENSION = xctest;
			};
			name = Debug;
		};
		967808191963523300D30370 /* Release */ = {
			isa = XCBuildConfiguration;
			buildSettings = {
				BUNDLE_LOADER = "$(BUILT_PRODUCTS_DIR)/ColorButtonsAndColorPallet.app/ColorButtonsAndColorPallet";
				FRAMEWORK_SEARCH_PATHS = (
					"$(SDKROOT)/Developer/Library/Frameworks",
					"$(inherited)",
					"$(DEVELOPER_FRAMEWORKS_DIR)",
				);
				GCC_PRECOMPILE_PREFIX_HEADER = YES;
				GCC_PREFIX_HEADER = "ColorButtonsAndColorPallet/ColorButtonsAndColorPallet-Prefix.pch";
				INFOPLIST_FILE = "ColorButtonsAndColorPalletTests/ColorButtonsAndColorPalletTests-Info.plist";
				PRODUCT_NAME = "$(TARGET_NAME)";
				TEST_HOST = "$(BUNDLE_LOADER)";
				WRAPPER_EXTENSION = xctest;
			};
			name = Release;
		};
/* End XCBuildConfiguration section */

/* Begin XCConfigurationList section */
		967807DD1963523200D30370 /* Build configuration list for PBXProject "ColorButtonsAndColorPallet" */ = {
			isa = XCConfigurationList;
			buildConfigurations = (
				967808121963523300D30370 /* Debug */,
				967808131963523300D30370 /* Release */,
			);
			defaultConfigurationIsVisible = 0;
			defaultConfigurationName = Release;
		};
		967808141963523300D30370 /* Build configuration list for PBXNativeTarget "ColorButtonsAndColorPallet" */ = {
			isa = XCConfigurationList;
			buildConfigurations = (
				967808151963523300D30370 /* Debug */,
				967808161963523300D30370 /* Release */,
			);
			defaultConfigurationIsVisible = 0;
		};
		967808171963523300D30370 /* Build configuration list for PBXNativeTarget "ColorButtonsAndColorPalletTests" */ = {
			isa = XCConfigurationList;
			buildConfigurations = (
				967808181963523300D30370 /* Debug */,
				967808191963523300D30370 /* Release */,
			);
			defaultConfigurationIsVisible = 0;
		};
/* End XCConfigurationList section */
	};
	rootObject = 967807DA1963523200D30370 /* Project object */;
}
